
Microsoft Visual Studio Solution File, Format Version 12.00
# Visual Studio Version 17
VisualStudioVersion = 17.3.32901.215
MinimumVisualStudioVersion = 10.0.40219.1
Project("{FAE04EC0-301F-11D3-BF4B-00C04F79EFBC}") = "Chapter", "Chapter\Chapter.csproj", "{578A423C-EEE7-489E-AAE2-6305206DD07C}"
EndProject
Global
	GlobalSection(SolutionConfigurationPlatforms) = preSolution
		Debug|Any CPU = Debug|Any CPU
		Release|Any CPU = Release|Any CPU
	EndGlobalSection
	GlobalSection(ProjectConfigurationPlatforms) = postSolution
		{578A423C-EEE7-489E-AAE2-6305206DD07C}.Debug|Any CPU.ActiveCfg = Debug|Any CPU
		{578A423C-EEE7-489E-AAE2-6305206DD07C}.Debug|Any CPU.Build.0 = Debug|Any CPU
		{578A423C-EEE7-489E-AAE2-6305206DD07C}.Release|Any CPU.ActiveCfg = Release|Any CPU
		{578A423C-EEE7-489E-AAE2-6305206DD07C}.Release|Any CPU.Build.0 = Release|Any CPU
	EndGlobalSection
	GlobalSection(SolutionProperties) = preSolution
		HideSolutionNode = FALSE
	EndGlobalSection
	GlobalSection(ExtensibilityGlobals) = postSolution
		SolutionGuid = {81990EDD-3CAC-41F4-A533-4B5162374628}
	EndGlobalSection
EndGlobal
